[root]
name = "rduperemove"
version = "0.0.1"
dependencies = [
 "btrfs 0.0.1",
 "docopt 0.6.8 (git+git://github.com/docopt/docopt.rs)",
 "docopt_macros 0.6.5 (git+git://github.com/docopt/docopt.rs)",
 "fiemap 0.0.1",
 "ioctl 0.0.1",
 "rust-crypto 0.1.0 (git+git://github.com/DaGenix/rust-crypto)",
]

[[package]]
name = "btrfs"
version = "0.0.1"
dependencies = [
 "ioctl 0.0.1",
]

[[package]]
name = "docopt"
version = "0.6.8"
source = "git+git://github.com/docopt/docopt.rs#0b184b15ed5ea7e3c180b088e8f99baa4427f989"

[[package]]
name = "docopt_macros"
version = "0.6.5"
source = "git+git://github.com/docopt/docopt.rs#0b184b15ed5ea7e3c180b088e8f99baa4427f989"
dependencies = [
 "docopt 0.6.8 (git+git://github.com/docopt/docopt.rs)",
]

[[package]]
name = "fiemap"
version = "0.0.1"
dependencies = [
 "ioctl 0.0.1",
]

[[package]]
name = "ioctl"
version = "0.0.1"

[[package]]
name = "rust-crypto"
version = "0.1.0"
source = "git+git://github.com/DaGenix/rust-crypto#942e60ec3281ee83b6dc1fdcf7a71d21436bcda9"

